
Microsoft Visual Studio Solution File, Format Version 12.00
# Visual Studio 15
VisualStudioVersion = 15.0.28307.1525
MinimumVisualStudioVersion = 10.0.40219.1
Project("{FAE04EC0-301F-11D3-BF4B-00C04F79EFBC}") = "Inicio", "Inicio\Inicio.csproj", "{3B6D2E7E-20CC-4EF3-8AE8-FE23712A6E45}"
EndProject
Global
	GlobalSection(SolutionConfigurationPlatforms) = preSolution
		Debug|Any CPU = Debug|Any CPU
		Release|Any CPU = Release|Any CPU
	EndGlobalSection
	GlobalSection(ProjectConfigurationPlatforms) = postSolution
		{3B6D2E7E-20CC-4EF3-8AE8-FE23712A6E45}.Debug|Any CPU.ActiveCfg = Debug|Any CPU
		{3B6D2E7E-20CC-4EF3-8AE8-FE23712A6E45}.Debug|Any CPU.Build.0 = Debug|Any CPU
		{3B6D2E7E-20CC-4EF3-8AE8-FE23712A6E45}.Release|Any CPU.ActiveCfg = Release|Any CPU
		{3B6D2E7E-20CC-4EF3-8AE8-FE23712A6E45}.Release|Any CPU.Build.0 = Release|Any CPU
	EndGlobalSection
	GlobalSection(SolutionProperties) = preSolution
		HideSolutionNode = FALSE
	EndGlobalSection
	GlobalSection(ExtensibilityGlobals) = postSolution
		SolutionGuid = {567AB438-3AED-4C50-91EA-555F925E5144}
	EndGlobalSection
EndGlobal
