
Microsoft Visual Studio Solution File, Format Version 12.00
# Visual Studio 15
VisualStudioVersion = 15.0.28307.1525
MinimumVisualStudioVersion = 10.0.40219.1
Project("{FAE04EC0-301F-11D3-BF4B-00C04F79EFBC}") = "Chat", "Chat\Chat.csproj", "{C442810B-A697-40C9-AACA-BEF28C3726F6}"
EndProject
Project("{FAE04EC0-301F-11D3-BF4B-00C04F79EFBC}") = "Agenda", "Agenda\Agenda.csproj", "{7EC5955C-1161-4E87-8F5D-AE8DE746B65A}"
EndProject
Project("{FAE04EC0-301F-11D3-BF4B-00C04F79EFBC}") = "Negocio", "Negocio\Negocio.csproj", "{DF697E70-B8CB-4948-9F51-204F4AC48BAD}"
EndProject
Project("{FAE04EC0-301F-11D3-BF4B-00C04F79EFBC}") = "Datos", "Datos\Datos.csproj", "{E7A25795-9C3C-449A-8EE9-2AE252FA5FC4}"
EndProject
Project("{FAE04EC0-301F-11D3-BF4B-00C04F79EFBC}") = "App unificada(obsoleta)", "Usuario\App unificada(obsoleta).csproj", "{744058E4-791C-4123-A8FA-C8386178FBA8}"
EndProject
Project("{FAE04EC0-301F-11D3-BF4B-00C04F79EFBC}") = "Consultas", "Consultas\Consultas.csproj", "{063985AE-8466-448D-AD47-5E3E47C9C6B7}"
EndProject
Project("{FAE04EC0-301F-11D3-BF4B-00C04F79EFBC}") = "App De Alumno", "App de Alumno\App De Alumno.csproj", "{A6550FE7-5566-4085-AAEA-06283049D966}"
EndProject
Project("{FAE04EC0-301F-11D3-BF4B-00C04F79EFBC}") = "App de Docente", "App de Docente\App de Docente.csproj", "{A229F0D7-24E9-4CD7-AF20-3ADAA786C094}"
EndProject
Project("{FAE04EC0-301F-11D3-BF4B-00C04F79EFBC}") = "App de Admin", "App de Admin\App de Admin.csproj", "{8907C414-5A68-422F-81E5-C7A9A67587CE}"
EndProject
Project("{FAE04EC0-301F-11D3-BF4B-00C04F79EFBC}") = "Gestion", "Gestion\Gestion.csproj", "{0517DAE0-3218-4A82-ABC2-BF2F49B9A4A8}"
EndProject
Project("{FAE04EC0-301F-11D3-BF4B-00C04F79EFBC}") = "Autorizacion", "Autorizacion\Autorizacion.csproj", "{BC2A891C-0037-4547-99A9-DEC59C739A65}"
EndProject
Global
	GlobalSection(SolutionConfigurationPlatforms) = preSolution
		Debug|Any CPU = Debug|Any CPU
		Release|Any CPU = Release|Any CPU
	EndGlobalSection
	GlobalSection(ProjectConfigurationPlatforms) = postSolution
		{C442810B-A697-40C9-AACA-BEF28C3726F6}.Debug|Any CPU.ActiveCfg = Debug|Any CPU
		{C442810B-A697-40C9-AACA-BEF28C3726F6}.Debug|Any CPU.Build.0 = Debug|Any CPU
		{C442810B-A697-40C9-AACA-BEF28C3726F6}.Release|Any CPU.ActiveCfg = Release|Any CPU
		{C442810B-A697-40C9-AACA-BEF28C3726F6}.Release|Any CPU.Build.0 = Release|Any CPU
		{7EC5955C-1161-4E87-8F5D-AE8DE746B65A}.Debug|Any CPU.ActiveCfg = Debug|Any CPU
		{7EC5955C-1161-4E87-8F5D-AE8DE746B65A}.Debug|Any CPU.Build.0 = Debug|Any CPU
		{7EC5955C-1161-4E87-8F5D-AE8DE746B65A}.Release|Any CPU.ActiveCfg = Release|Any CPU
		{7EC5955C-1161-4E87-8F5D-AE8DE746B65A}.Release|Any CPU.Build.0 = Release|Any CPU
		{DF697E70-B8CB-4948-9F51-204F4AC48BAD}.Debug|Any CPU.ActiveCfg = Debug|Any CPU
		{DF697E70-B8CB-4948-9F51-204F4AC48BAD}.Debug|Any CPU.Build.0 = Debug|Any CPU
		{DF697E70-B8CB-4948-9F51-204F4AC48BAD}.Release|Any CPU.ActiveCfg = Release|Any CPU
		{DF697E70-B8CB-4948-9F51-204F4AC48BAD}.Release|Any CPU.Build.0 = Release|Any CPU
		{E7A25795-9C3C-449A-8EE9-2AE252FA5FC4}.Debug|Any CPU.ActiveCfg = Debug|Any CPU
		{E7A25795-9C3C-449A-8EE9-2AE252FA5FC4}.Debug|Any CPU.Build.0 = Debug|Any CPU
		{E7A25795-9C3C-449A-8EE9-2AE252FA5FC4}.Release|Any CPU.ActiveCfg = Release|Any CPU
		{E7A25795-9C3C-449A-8EE9-2AE252FA5FC4}.Release|Any CPU.Build.0 = Release|Any CPU
		{744058E4-791C-4123-A8FA-C8386178FBA8}.Debug|Any CPU.ActiveCfg = Debug|Any CPU
		{744058E4-791C-4123-A8FA-C8386178FBA8}.Debug|Any CPU.Build.0 = Debug|Any CPU
		{744058E4-791C-4123-A8FA-C8386178FBA8}.Release|Any CPU.ActiveCfg = Release|Any CPU
		{744058E4-791C-4123-A8FA-C8386178FBA8}.Release|Any CPU.Build.0 = Release|Any CPU
		{063985AE-8466-448D-AD47-5E3E47C9C6B7}.Debug|Any CPU.ActiveCfg = Debug|Any CPU
		{063985AE-8466-448D-AD47-5E3E47C9C6B7}.Debug|Any CPU.Build.0 = Debug|Any CPU
		{063985AE-8466-448D-AD47-5E3E47C9C6B7}.Release|Any CPU.ActiveCfg = Release|Any CPU
		{063985AE-8466-448D-AD47-5E3E47C9C6B7}.Release|Any CPU.Build.0 = Release|Any CPU
		{A6550FE7-5566-4085-AAEA-06283049D966}.Debug|Any CPU.ActiveCfg = Debug|Any CPU
		{A6550FE7-5566-4085-AAEA-06283049D966}.Debug|Any CPU.Build.0 = Debug|Any CPU
		{A6550FE7-5566-4085-AAEA-06283049D966}.Release|Any CPU.ActiveCfg = Release|Any CPU
		{A6550FE7-5566-4085-AAEA-06283049D966}.Release|Any CPU.Build.0 = Release|Any CPU
		{A229F0D7-24E9-4CD7-AF20-3ADAA786C094}.Debug|Any CPU.ActiveCfg = Debug|Any CPU
		{A229F0D7-24E9-4CD7-AF20-3ADAA786C094}.Debug|Any CPU.Build.0 = Debug|Any CPU
		{A229F0D7-24E9-4CD7-AF20-3ADAA786C094}.Release|Any CPU.ActiveCfg = Release|Any CPU
		{A229F0D7-24E9-4CD7-AF20-3ADAA786C094}.Release|Any CPU.Build.0 = Release|Any CPU
		{8907C414-5A68-422F-81E5-C7A9A67587CE}.Debug|Any CPU.ActiveCfg = Debug|Any CPU
		{8907C414-5A68-422F-81E5-C7A9A67587CE}.Debug|Any CPU.Build.0 = Debug|Any CPU
		{8907C414-5A68-422F-81E5-C7A9A67587CE}.Release|Any CPU.ActiveCfg = Release|Any CPU
		{8907C414-5A68-422F-81E5-C7A9A67587CE}.Release|Any CPU.Build.0 = Release|Any CPU
		{0517DAE0-3218-4A82-ABC2-BF2F49B9A4A8}.Debug|Any CPU.ActiveCfg = Debug|Any CPU
		{0517DAE0-3218-4A82-ABC2-BF2F49B9A4A8}.Debug|Any CPU.Build.0 = Debug|Any CPU
		{0517DAE0-3218-4A82-ABC2-BF2F49B9A4A8}.Release|Any CPU.ActiveCfg = Release|Any CPU
		{0517DAE0-3218-4A82-ABC2-BF2F49B9A4A8}.Release|Any CPU.Build.0 = Release|Any CPU
		{BC2A891C-0037-4547-99A9-DEC59C739A65}.Debug|Any CPU.ActiveCfg = Debug|Any CPU
		{BC2A891C-0037-4547-99A9-DEC59C739A65}.Debug|Any CPU.Build.0 = Debug|Any CPU
		{BC2A891C-0037-4547-99A9-DEC59C739A65}.Release|Any CPU.ActiveCfg = Release|Any CPU
		{BC2A891C-0037-4547-99A9-DEC59C739A65}.Release|Any CPU.Build.0 = Release|Any CPU
	EndGlobalSection
	GlobalSection(SolutionProperties) = preSolution
		HideSolutionNode = FALSE
	EndGlobalSection
	GlobalSection(ExtensibilityGlobals) = postSolution
		SolutionGuid = {567AB438-3AED-4C50-91EA-555F925E5144}
	EndGlobalSection
EndGlobal
